
Microsoft Visual Studio Solution File, Format Version 12.00
# Visual Studio Version 16
VisualStudioVersion = 16.0.33328.57
MinimumVisualStudioVersion = 10.0.40219.1
Project("{9A19103F-16F7-4668-BE54-9A1E7A4F7556}") = "MCTG_Durmaz", "MCTG_Durmaz\MCTG_Durmaz.csproj", "{1F8021CC-32E6-4E72-8653-31B03A9DBBE3}"
EndProject
Project("{FAE04EC0-301F-11D3-BF4B-00C04F79EFBC}") = "durmaz_nunit-testing", "durmaz_nunit-testing\durmaz_nunit-testing.csproj", "{D83961FE-6CF6-4215-9D02-ECC1E4E8EA22}"
EndProject
Global
	GlobalSection(SolutionConfigurationPlatforms) = preSolution
		Debug|Any CPU = Debug|Any CPU
		Release|Any CPU = Release|Any CPU
	EndGlobalSection
	GlobalSection(ProjectConfigurationPlatforms) = postSolution
		{1F8021CC-32E6-4E72-8653-31B03A9DBBE3}.Debug|Any CPU.ActiveCfg = Debug|Any CPU
		{1F8021CC-32E6-4E72-8653-31B03A9DBBE3}.Debug|Any CPU.Build.0 = Debug|Any CPU
		{1F8021CC-32E6-4E72-8653-31B03A9DBBE3}.Release|Any CPU.ActiveCfg = Release|Any CPU
		{1F8021CC-32E6-4E72-8653-31B03A9DBBE3}.Release|Any CPU.Build.0 = Release|Any CPU
		{D83961FE-6CF6-4215-9D02-ECC1E4E8EA22}.Debug|Any CPU.ActiveCfg = Debug|Any CPU
		{D83961FE-6CF6-4215-9D02-ECC1E4E8EA22}.Debug|Any CPU.Build.0 = Debug|Any CPU
		{D83961FE-6CF6-4215-9D02-ECC1E4E8EA22}.Release|Any CPU.ActiveCfg = Release|Any CPU
		{D83961FE-6CF6-4215-9D02-ECC1E4E8EA22}.Release|Any CPU.Build.0 = Release|Any CPU
	EndGlobalSection
	GlobalSection(SolutionProperties) = preSolution
		HideSolutionNode = FALSE
	EndGlobalSection
	GlobalSection(ExtensibilityGlobals) = postSolution
		SolutionGuid = {A3344413-CE39-4FBB-AFF3-56571D916803}
	EndGlobalSection
EndGlobal
